
Microsoft Visual Studio Solution File, Format Version 12.00
# Visual Studio 2012
Project("{FAE04EC0-301F-11D3-BF4B-00C04F79EFBC}") = "FluentInstallation", "src\FluentInstallation\FluentInstallation.csproj", "{E3CBFFCA-62C8-482F-B85A-437B09F4CC64}"
EndProject
Project("{FAE04EC0-301F-11D3-BF4B-00C04F79EFBC}") = "FluentInstallation.UnitTests", "src\FluentInstallation.UnitTests\FluentInstallation.UnitTests.csproj", "{BAE643DF-4CD8-42ED-BE17-03381009920E}"
	ProjectSection(ProjectDependencies) = postProject
		{FF90AF60-EAB1-44A6-A9C7-542BDA5C7DC6} = {FF90AF60-EAB1-44A6-A9C7-542BDA5C7DC6}
		{3530FBEF-F0A8-44C8-8809-741519656853} = {3530FBEF-F0A8-44C8-8809-741519656853}
	EndProjectSection
EndProject
Project("{2150E333-8FDC-42A3-9474-1A3956D46DE8}") = ".nuget", ".nuget", "{58E2362A-F1AD-45DA-8430-8F6DF4A72CCC}"
	ProjectSection(SolutionItems) = preProject
		.nuget\NuGet.Config = .nuget\NuGet.Config
		.nuget\NuGet.exe = .nuget\NuGet.exe
		.nuget\NuGet.targets = .nuget\NuGet.targets
	EndProjectSection
EndProject
Project("{FAE04EC0-301F-11D3-BF4B-00C04F79EFBC}") = "FluentInstallation.TestAssembly", "src\FluentInstallation.TestAssembly\FluentInstallation.TestAssembly.csproj", "{3530FBEF-F0A8-44C8-8809-741519656853}"
EndProject
Project("{FAE04EC0-301F-11D3-BF4B-00C04F79EFBC}") = "FluentInstallation.TestEmptyAssembly", "src\FluentInstallation.TestEmptyAssembly\FluentInstallation.TestEmptyAssembly.csproj", "{FF90AF60-EAB1-44A6-A9C7-542BDA5C7DC6}"
EndProject
Project("{FAE04EC0-301F-11D3-BF4B-00C04F79EFBC}") = "FluentInstallation.IntegrationTests", "src\FluentInstallation.IntegrationTests\FluentInstallation.IntegrationTests.csproj", "{4F7D7C26-F57A-48DC-9BC5-ADC401EB7857}"
EndProject
Project("{2150E333-8FDC-42A3-9474-1A3956D46DE8}") = ".build", ".build", "{DEE44FF8-9979-49EE-98BF-E519A09D5B0F}"
	ProjectSection(SolutionItems) = preProject
		build\build.ps1 = build\build.ps1
		build\Run-CI-Build.cmd = build\Run-CI-Build.cmd
		build\Run-CI-Build.ps1 = build\Run-CI-Build.ps1
	EndProjectSection
EndProject
Global
	GlobalSection(SolutionConfigurationPlatforms) = preSolution
		Debug|Any CPU = Debug|Any CPU
		Release|Any CPU = Release|Any CPU
	EndGlobalSection
	GlobalSection(ProjectConfigurationPlatforms) = postSolution
		{E3CBFFCA-62C8-482F-B85A-437B09F4CC64}.Debug|Any CPU.ActiveCfg = Debug|Any CPU
		{E3CBFFCA-62C8-482F-B85A-437B09F4CC64}.Debug|Any CPU.Build.0 = Debug|Any CPU
		{E3CBFFCA-62C8-482F-B85A-437B09F4CC64}.Release|Any CPU.ActiveCfg = Release|Any CPU
		{E3CBFFCA-62C8-482F-B85A-437B09F4CC64}.Release|Any CPU.Build.0 = Release|Any CPU
		{BAE643DF-4CD8-42ED-BE17-03381009920E}.Debug|Any CPU.ActiveCfg = Debug|Any CPU
		{BAE643DF-4CD8-42ED-BE17-03381009920E}.Debug|Any CPU.Build.0 = Debug|Any CPU
		{BAE643DF-4CD8-42ED-BE17-03381009920E}.Release|Any CPU.ActiveCfg = Release|Any CPU
		{BAE643DF-4CD8-42ED-BE17-03381009920E}.Release|Any CPU.Build.0 = Release|Any CPU
		{3530FBEF-F0A8-44C8-8809-741519656853}.Debug|Any CPU.ActiveCfg = Debug|Any CPU
		{3530FBEF-F0A8-44C8-8809-741519656853}.Debug|Any CPU.Build.0 = Debug|Any CPU
		{3530FBEF-F0A8-44C8-8809-741519656853}.Release|Any CPU.ActiveCfg = Release|Any CPU
		{3530FBEF-F0A8-44C8-8809-741519656853}.Release|Any CPU.Build.0 = Release|Any CPU
		{FF90AF60-EAB1-44A6-A9C7-542BDA5C7DC6}.Debug|Any CPU.ActiveCfg = Debug|Any CPU
		{FF90AF60-EAB1-44A6-A9C7-542BDA5C7DC6}.Debug|Any CPU.Build.0 = Debug|Any CPU
		{FF90AF60-EAB1-44A6-A9C7-542BDA5C7DC6}.Release|Any CPU.ActiveCfg = Release|Any CPU
		{FF90AF60-EAB1-44A6-A9C7-542BDA5C7DC6}.Release|Any CPU.Build.0 = Release|Any CPU
		{4F7D7C26-F57A-48DC-9BC5-ADC401EB7857}.Debug|Any CPU.ActiveCfg = Debug|Any CPU
		{4F7D7C26-F57A-48DC-9BC5-ADC401EB7857}.Debug|Any CPU.Build.0 = Debug|Any CPU
		{4F7D7C26-F57A-48DC-9BC5-ADC401EB7857}.Release|Any CPU.ActiveCfg = Release|Any CPU
		{4F7D7C26-F57A-48DC-9BC5-ADC401EB7857}.Release|Any CPU.Build.0 = Release|Any CPU
	EndGlobalSection
	GlobalSection(SolutionProperties) = preSolution
		HideSolutionNode = FALSE
	EndGlobalSection
EndGlobal
